
Microsoft Visual Studio Solution File, Format Version 12.00
# Visual Studio Version 16
VisualStudioVersion = 16.0.28922.388
MinimumVisualStudioVersion = 10.0.40219.1
Project("{FAE04EC0-301F-11D3-BF4B-00C04F79EFBC}") = "WinForm", "WinForm\WinForm.csproj", "{6DF76DB5-35DC-421D-9DAD-1D9DBBCCE8DD}"
EndProject
Project("{FAE04EC0-301F-11D3-BF4B-00C04F79EFBC}") = "ADO.NET.DAL", "ADO.NET.DAL\ADO.NET.DAL.csproj", "{66544349-A3EA-415F-8706-D09C37F009A9}"
EndProject
Project("{FAE04EC0-301F-11D3-BF4B-00C04F79EFBC}") = "BL", "BL\BL.csproj", "{C791A7CA-93E0-44B5-9B32-77DFA205E644}"
EndProject
Global
	GlobalSection(SolutionConfigurationPlatforms) = preSolution
		Debug|Any CPU = Debug|Any CPU
		Release|Any CPU = Release|Any CPU
	EndGlobalSection
	GlobalSection(ProjectConfigurationPlatforms) = postSolution
		{6DF76DB5-35DC-421D-9DAD-1D9DBBCCE8DD}.Debug|Any CPU.ActiveCfg = Debug|Any CPU
		{6DF76DB5-35DC-421D-9DAD-1D9DBBCCE8DD}.Debug|Any CPU.Build.0 = Debug|Any CPU
		{6DF76DB5-35DC-421D-9DAD-1D9DBBCCE8DD}.Release|Any CPU.ActiveCfg = Release|Any CPU
		{6DF76DB5-35DC-421D-9DAD-1D9DBBCCE8DD}.Release|Any CPU.Build.0 = Release|Any CPU
		{66544349-A3EA-415F-8706-D09C37F009A9}.Debug|Any CPU.ActiveCfg = Debug|Any CPU
		{66544349-A3EA-415F-8706-D09C37F009A9}.Debug|Any CPU.Build.0 = Debug|Any CPU
		{66544349-A3EA-415F-8706-D09C37F009A9}.Release|Any CPU.ActiveCfg = Release|Any CPU
		{66544349-A3EA-415F-8706-D09C37F009A9}.Release|Any CPU.Build.0 = Release|Any CPU
		{C791A7CA-93E0-44B5-9B32-77DFA205E644}.Debug|Any CPU.ActiveCfg = Debug|Any CPU
		{C791A7CA-93E0-44B5-9B32-77DFA205E644}.Debug|Any CPU.Build.0 = Debug|Any CPU
		{C791A7CA-93E0-44B5-9B32-77DFA205E644}.Release|Any CPU.ActiveCfg = Release|Any CPU
		{C791A7CA-93E0-44B5-9B32-77DFA205E644}.Release|Any CPU.Build.0 = Release|Any CPU
	EndGlobalSection
	GlobalSection(SolutionProperties) = preSolution
		HideSolutionNode = FALSE
	EndGlobalSection
	GlobalSection(ExtensibilityGlobals) = postSolution
		SolutionGuid = {74256585-9387-452C-8FF5-F0A8618A1EA0}
	EndGlobalSection
EndGlobal
